
Microsoft Visual Studio Solution File, Format Version 12.00
# Visual Studio Version 17
VisualStudioVersion = 17.0.31903.59
MinimumVisualStudioVersion = 10.0.40219.1
Project("{FAE04EC0-301F-11D3-BF4B-00C04F79EFBC}") = "Lib", "Lib\Lib.csproj", "{5ED22FD4-4BC4-4F59-ACC8-5CF5AE9F335D}"
EndProject
Project("{FAE04EC0-301F-11D3-BF4B-00C04F79EFBC}") = "Test", "Test\Test.csproj", "{444615BE-B20C-4C02-B83C-EFCDF7424B41}"
EndProject
Global
	GlobalSection(SolutionConfigurationPlatforms) = preSolution
		Debug|Any CPU = Debug|Any CPU
		Release|Any CPU = Release|Any CPU
	EndGlobalSection
	GlobalSection(ProjectConfigurationPlatforms) = postSolution
		{5ED22FD4-4BC4-4F59-ACC8-5CF5AE9F335D}.Debug|Any CPU.ActiveCfg = Debug|Any CPU
		{5ED22FD4-4BC4-4F59-ACC8-5CF5AE9F335D}.Debug|Any CPU.Build.0 = Debug|Any CPU
		{5ED22FD4-4BC4-4F59-ACC8-5CF5AE9F335D}.Release|Any CPU.ActiveCfg = Release|Any CPU
		{5ED22FD4-4BC4-4F59-ACC8-5CF5AE9F335D}.Release|Any CPU.Build.0 = Release|Any CPU
		{444615BE-B20C-4C02-B83C-EFCDF7424B41}.Debug|Any CPU.ActiveCfg = Debug|Any CPU
		{444615BE-B20C-4C02-B83C-EFCDF7424B41}.Debug|Any CPU.Build.0 = Debug|Any CPU
		{444615BE-B20C-4C02-B83C-EFCDF7424B41}.Release|Any CPU.ActiveCfg = Release|Any CPU
		{444615BE-B20C-4C02-B83C-EFCDF7424B41}.Release|Any CPU.Build.0 = Release|Any CPU
	EndGlobalSection
	GlobalSection(SolutionProperties) = preSolution
		HideSolutionNode = FALSE
	EndGlobalSection
	GlobalSection(ExtensibilityGlobals) = postSolution
		SolutionGuid = {290AB3AA-20F7-4FB8-9361-3F4635920D9C}
	EndGlobalSection
EndGlobal
