
Microsoft Visual Studio Solution File, Format Version 12.00
# Visual Studio Version 17
VisualStudioVersion = 17.0.31903.59
MinimumVisualStudioVersion = 10.0.40219.1
Project("{9A19103F-16F7-4668-BE54-9A1E7A4F7556}") = "Lib", "Lib\Lib.csproj", "{5ED22FD4-4BC4-4F59-ACC8-5CF5AE9F335D}"
EndProject
Project("{9A19103F-16F7-4668-BE54-9A1E7A4F7556}") = "Test", "Test\Test.csproj", "{444615BE-B20C-4C02-B83C-EFCDF7424B41}"
EndProject
Project("{2150E333-8FDC-42A3-9474-1A3956D46DE8}") = "Solution Items", "Solution Items", "{4EB4BE9D-0628-4CFE-96B3-76271F393AD6}"
	ProjectSection(SolutionItems) = preProject
		..\.editorconfig = ..\.editorconfig
	EndProjectSection
EndProject
Global
	GlobalSection(SolutionConfigurationPlatforms) = preSolution
		Debug|Any CPU = Debug|Any CPU
		Release|Any CPU = Release|Any CPU
	EndGlobalSection
	GlobalSection(ProjectConfigurationPlatforms) = postSolution
		{5ED22FD4-4BC4-4F59-ACC8-5CF5AE9F335D}.Debug|Any CPU.ActiveCfg = Debug|Any CPU
		{5ED22FD4-4BC4-4F59-ACC8-5CF5AE9F335D}.Debug|Any CPU.Build.0 = Debug|Any CPU
		{5ED22FD4-4BC4-4F59-ACC8-5CF5AE9F335D}.Release|Any CPU.ActiveCfg = Release|Any CPU
		{5ED22FD4-4BC4-4F59-ACC8-5CF5AE9F335D}.Release|Any CPU.Build.0 = Release|Any CPU
		{444615BE-B20C-4C02-B83C-EFCDF7424B41}.Debug|Any CPU.ActiveCfg = Debug|Any CPU
		{444615BE-B20C-4C02-B83C-EFCDF7424B41}.Debug|Any CPU.Build.0 = Debug|Any CPU
		{444615BE-B20C-4C02-B83C-EFCDF7424B41}.Release|Any CPU.ActiveCfg = Release|Any CPU
		{444615BE-B20C-4C02-B83C-EFCDF7424B41}.Release|Any CPU.Build.0 = Release|Any CPU
	EndGlobalSection
	GlobalSection(SolutionProperties) = preSolution
		HideSolutionNode = FALSE
	EndGlobalSection
	GlobalSection(ExtensibilityGlobals) = postSolution
		SolutionGuid = {290AB3AA-20F7-4FB8-9361-3F4635920D9C}
	EndGlobalSection
EndGlobal
