
Microsoft Visual Studio Solution File, Format Version 12.00
# Visual Studio Version 17
VisualStudioVersion = 17.0.31903.59
MinimumVisualStudioVersion = 10.0.40219.1
Project("{2150E333-8FDC-42A3-9474-1A3956D46DE8}") = "Solution Items", "Solution Items", "{28CB5B76-2366-4109-BCF8-04655BC9ADEC}"
	ProjectSection(SolutionItems) = preProject
		..\.editorconfig = ..\.editorconfig
		..\.gitignore = ..\.gitignore
		..\README.md = ..\README.md
	EndProjectSection
EndProject
Project("{FAE04EC0-301F-11D3-BF4B-00C04F79EFBC}") = "Test", "Test\Test.csproj", "{D2A92D06-2E85-46C5-A007-EA94F7902AA9}"
EndProject
Project("{FAE04EC0-301F-11D3-BF4B-00C04F79EFBC}") = "Lib", "Lib\Lib.csproj", "{2363A0C4-6EBF-4FAE-A236-D5272A5C03D6}"
EndProject
Global
	GlobalSection(SolutionConfigurationPlatforms) = preSolution
		Debug|Any CPU = Debug|Any CPU
		Release|Any CPU = Release|Any CPU
	EndGlobalSection
	GlobalSection(ProjectConfigurationPlatforms) = postSolution
		{D2A92D06-2E85-46C5-A007-EA94F7902AA9}.Debug|Any CPU.ActiveCfg = Debug|Any CPU
		{D2A92D06-2E85-46C5-A007-EA94F7902AA9}.Debug|Any CPU.Build.0 = Debug|Any CPU
		{D2A92D06-2E85-46C5-A007-EA94F7902AA9}.Release|Any CPU.ActiveCfg = Release|Any CPU
		{D2A92D06-2E85-46C5-A007-EA94F7902AA9}.Release|Any CPU.Build.0 = Release|Any CPU
		{2363A0C4-6EBF-4FAE-A236-D5272A5C03D6}.Debug|Any CPU.ActiveCfg = Debug|Any CPU
		{2363A0C4-6EBF-4FAE-A236-D5272A5C03D6}.Debug|Any CPU.Build.0 = Debug|Any CPU
		{2363A0C4-6EBF-4FAE-A236-D5272A5C03D6}.Release|Any CPU.ActiveCfg = Release|Any CPU
		{2363A0C4-6EBF-4FAE-A236-D5272A5C03D6}.Release|Any CPU.Build.0 = Release|Any CPU
	EndGlobalSection
	GlobalSection(SolutionProperties) = preSolution
		HideSolutionNode = FALSE
	EndGlobalSection
	GlobalSection(ExtensibilityGlobals) = postSolution
		SolutionGuid = {9C5D366B-7F60-485D-8F45-895A14467D03}
	EndGlobalSection
EndGlobal
